# This file is automatically @generated by Cargo.
# It is not intended for manual editing.
version = 4

[[package]]
name = "loom"
version = "0.0.1"

[[package]]
name = "weft"
version = "0.0.1"

[[package]]
name = "weft-i18n"
version = "0.0.1"

[[package]]
name = "weft-ipc"
version = "0.0.1"

[[package]]
name = "weft-mesh"
version = "0.0.1"

[[package]]
name = "weft-portmap"
version = "0.0.1"

[[package]]
name = "weft-proto"
version = "0.0.1"

[[package]]
name = "weft-session"
version = "0.0.1"

[[package]]
name = "weft-sim"
version = "0.0.1"

[[package]]
name = "weft-tun"
version = "0.0.1"

[[package]]
name = "weftd"
version = "0.0.1"
